
Microsoft Visual Studio Solution File, Format Version 12.00
# Visual Studio Version 16
VisualStudioVersion = 16.0.30309.148
MinimumVisualStudioVersion = 10.0.40219.1
Project("{FAE04EC0-301F-11D3-BF4B-00C04F79EFBC}") = "LMWebApi", "LMWebApi\LMWebApi.csproj", "{AC1AC5A2-6F60-4AD8-92AB-4E6BD173EECD}"
EndProject
Global
	GlobalSection(SolutionConfigurationPlatforms) = preSolution
		Debug|Any CPU = Debug|Any CPU
		Release|Any CPU = Release|Any CPU
	EndGlobalSection
	GlobalSection(ProjectConfigurationPlatforms) = postSolution
		{AC1AC5A2-6F60-4AD8-92AB-4E6BD173EECD}.Debug|Any CPU.ActiveCfg = Debug|Any CPU
		{AC1AC5A2-6F60-4AD8-92AB-4E6BD173EECD}.Debug|Any CPU.Build.0 = Debug|Any CPU
		{AC1AC5A2-6F60-4AD8-92AB-4E6BD173EECD}.Release|Any CPU.ActiveCfg = Release|Any CPU
		{AC1AC5A2-6F60-4AD8-92AB-4E6BD173EECD}.Release|Any CPU.Build.0 = Release|Any CPU
	EndGlobalSection
	GlobalSection(SolutionProperties) = preSolution
		HideSolutionNode = FALSE
	EndGlobalSection
	GlobalSection(ExtensibilityGlobals) = postSolution
		SolutionGuid = {E4369C40-3DAD-488B-B8D2-54096ACDA097}
	EndGlobalSection
EndGlobal
