
Microsoft Visual Studio Solution File, Format Version 12.00
# Visual Studio Version 16
VisualStudioVersion = 16.0.30309.148
MinimumVisualStudioVersion = 10.0.40219.1
Project("{9A19103F-16F7-4668-BE54-9A1E7A4F7556}") = "LMWebApi", "LMWebApi\LMWebApi.csproj", "{AC1AC5A2-6F60-4AD8-92AB-4E6BD173EECD}"
EndProject
Project("{9A19103F-16F7-4668-BE54-9A1E7A4F7556}") = "LMWebApi.Database", "LMWebApi.Database\LMWebApi.Database.csproj", "{5C1022A8-C587-4654-BE6B-0165635600BF}"
EndProject
Project("{9A19103F-16F7-4668-BE54-9A1E7A4F7556}") = "LMWebApi.Common", "LMWebApi.Common\LMWebApi.Common.csproj", "{EEC99F6D-8C4D-49EF-9618-9B44BABA72EB}"
EndProject
Project("{9A19103F-16F7-4668-BE54-9A1E7A4F7556}") = "LMWebApi.Emails", "LMWebApi.Emails\LMWebApi.Emails.csproj", "{4C237CD4-02EC-4C82-AE77-FF9114CBD21E}"
EndProject
Global
	GlobalSection(SolutionConfigurationPlatforms) = preSolution
		Debug|Any CPU = Debug|Any CPU
		Release|Any CPU = Release|Any CPU
	EndGlobalSection
	GlobalSection(ProjectConfigurationPlatforms) = postSolution
		{AC1AC5A2-6F60-4AD8-92AB-4E6BD173EECD}.Debug|Any CPU.ActiveCfg = Debug|Any CPU
		{AC1AC5A2-6F60-4AD8-92AB-4E6BD173EECD}.Debug|Any CPU.Build.0 = Debug|Any CPU
		{AC1AC5A2-6F60-4AD8-92AB-4E6BD173EECD}.Release|Any CPU.ActiveCfg = Release|Any CPU
		{AC1AC5A2-6F60-4AD8-92AB-4E6BD173EECD}.Release|Any CPU.Build.0 = Release|Any CPU
		{5C1022A8-C587-4654-BE6B-0165635600BF}.Debug|Any CPU.ActiveCfg = Debug|Any CPU
		{5C1022A8-C587-4654-BE6B-0165635600BF}.Debug|Any CPU.Build.0 = Debug|Any CPU
		{5C1022A8-C587-4654-BE6B-0165635600BF}.Release|Any CPU.ActiveCfg = Release|Any CPU
		{5C1022A8-C587-4654-BE6B-0165635600BF}.Release|Any CPU.Build.0 = Release|Any CPU
		{EEC99F6D-8C4D-49EF-9618-9B44BABA72EB}.Debug|Any CPU.ActiveCfg = Debug|Any CPU
		{EEC99F6D-8C4D-49EF-9618-9B44BABA72EB}.Debug|Any CPU.Build.0 = Debug|Any CPU
		{EEC99F6D-8C4D-49EF-9618-9B44BABA72EB}.Release|Any CPU.ActiveCfg = Release|Any CPU
		{EEC99F6D-8C4D-49EF-9618-9B44BABA72EB}.Release|Any CPU.Build.0 = Release|Any CPU
		{4C237CD4-02EC-4C82-AE77-FF9114CBD21E}.Debug|Any CPU.ActiveCfg = Debug|Any CPU
		{4C237CD4-02EC-4C82-AE77-FF9114CBD21E}.Debug|Any CPU.Build.0 = Debug|Any CPU
		{4C237CD4-02EC-4C82-AE77-FF9114CBD21E}.Release|Any CPU.ActiveCfg = Release|Any CPU
		{4C237CD4-02EC-4C82-AE77-FF9114CBD21E}.Release|Any CPU.Build.0 = Release|Any CPU
	EndGlobalSection
	GlobalSection(SolutionProperties) = preSolution
		HideSolutionNode = FALSE
	EndGlobalSection
	GlobalSection(ExtensibilityGlobals) = postSolution
		SolutionGuid = {E4369C40-3DAD-488B-B8D2-54096ACDA097}
	EndGlobalSection
EndGlobal
