{
  "requires": true,
  "lockfileVersion": 1,
  "dependencies": {
    "@types/react-calendar": {
      "version": "3.1.5",
      "resolved": "https://artifactory.sbtech.com:443/artifactory/api/npm/npm/@types/react-calendar/-/react-calendar-3.1.5.tgz",
      "integrity": "sha1-mdlKWP7dtOpg90em40QlpCf0cIw="
    },
    "@wojtekmaj/date-utils": {
      "version": "1.0.3",
      "resolved": "https://artifactory.sbtech.com:443/artifactory/api/npm/npm/@wojtekmaj/date-utils/-/date-utils-1.0.3.tgz",
      "integrity": "sha1-Lc/ZKIFCXFkj5CnCrshvs2CQMqE="
    },
    "detect-element-overflow": {
      "version": "1.2.0",
      "resolved": "https://artifactory.sbtech.com:443/artifactory/api/npm/npm/detect-element-overflow/-/detect-element-overflow-1.2.0.tgz",
      "integrity": "sha1-huUEKS/+3DrvgTOV+98CYar2r6k="
    },
    "get-user-locale": {
      "version": "1.4.0",
      "resolved": "https://artifactory.sbtech.com:443/artifactory/api/npm/npm/get-user-locale/-/get-user-locale-1.4.0.tgz",
      "integrity": "sha1-osS12kb+7J8DybB9GXsWIEkKU3A=",
      "requires": {
        "lodash.once": "^4.1.1"
      }
    },
    "js-tokens": {
      "version": "4.0.0",
      "resolved": "https://artifactory.sbtech.com:443/artifactory/api/npm/npm/js-tokens/-/js-tokens-4.0.0.tgz",
      "integrity": "sha1-GSA/tZmR35jjoocFDUZHzerzJJk="
    },
    "lodash.once": {
      "version": "4.1.1",
      "resolved": "https://artifactory.sbtech.com:443/artifactory/api/npm/npm/lodash.once/-/lodash.once-4.1.1.tgz",
      "integrity": "sha1-DdOXEhPHxW34gJd9UEyI+0cal6w="
    },
    "loose-envify": {
      "version": "1.4.0",
      "resolved": "https://artifactory.sbtech.com:443/artifactory/api/npm/npm/loose-envify/-/loose-envify-1.4.0.tgz",
      "integrity": "sha1-ce5R+nvkyuwaY4OffmgtgTLTDK8=",
      "requires": {
        "js-tokens": "^3.0.0 || ^4.0.0"
      }
    },
    "make-event-props": {
      "version": "1.2.0",
      "resolved": "https://artifactory.sbtech.com:443/artifactory/api/npm/npm/make-event-props/-/make-event-props-1.2.0.tgz",
      "integrity": "sha1-lrh9iJGVM7j4k0tYtMPVZ5RZoM8="
    },
    "merge-class-names": {
      "version": "1.4.0",
      "resolved": "https://artifactory.sbtech.com:443/artifactory/api/npm/npm/merge-class-names/-/merge-class-names-1.4.0.tgz",
      "integrity": "sha1-Au3N1f9nf7sDtH7NRYbfidaXuBs="
    },
    "object-assign": {
      "version": "4.1.1",
      "resolved": "https://artifactory.sbtech.com:443/artifactory/api/npm/npm/object-assign/-/object-assign-4.1.1.tgz",
      "integrity": "sha1-IQmtx5ZYh8/AXLvUQsrIv7s2CGM="
    },
    "prop-types": {
      "version": "15.7.2",
      "resolved": "https://artifactory.sbtech.com:443/artifactory/api/npm/npm/prop-types/-/prop-types-15.7.2.tgz",
      "integrity": "sha1-UsQedbjIfnK52TYOAga5ncv/psU=",
      "requires": {
        "loose-envify": "^1.4.0",
        "object-assign": "^4.1.1",
        "react-is": "^16.8.1"
      }
    },
    "react-calendar": {
      "version": "3.4.0",
      "resolved": "https://artifactory.sbtech.com:443/artifactory/api/npm/npm/react-calendar/-/react-calendar-3.4.0.tgz",
      "integrity": "sha1-JTlsoJkrOyBCq8ozRRX2/02YeLw=",
      "requires": {
        "@wojtekmaj/date-utils": "^1.0.2",
        "get-user-locale": "^1.2.0",
        "merge-class-names": "^1.1.1",
        "prop-types": "^15.6.0"
      }
    },
    "react-date-picker": {
      "version": "8.1.1",
      "resolved": "https://artifactory.sbtech.com:443/artifactory/api/npm/npm/react-date-picker/-/react-date-picker-8.1.1.tgz",
      "integrity": "sha1-GVlgjNBCyb/PL6ptY6Vunvaxfis=",
      "requires": {
        "@types/react-calendar": "^3.0.0",
        "@wojtekmaj/date-utils": "^1.0.3",
        "get-user-locale": "^1.2.0",
        "make-event-props": "^1.1.0",
        "merge-class-names": "^1.1.1",
        "prop-types": "^15.6.0",
        "react-calendar": "^3.3.1",
        "react-fit": "^1.0.3",
        "update-input-width": "^1.1.1"
      }
    },
    "react-fit": {
      "version": "1.3.1",
      "resolved": "https://artifactory.sbtech.com:443/artifactory/api/npm/npm/react-fit/-/react-fit-1.3.1.tgz",
      "integrity": "sha1-hQy11VT9+ksniR9iqdKQ0+ftpXs=",
      "requires": {
        "detect-element-overflow": "^1.2.0",
        "prop-types": "^15.6.0"
      }
    },
    "react-is": {
      "version": "16.13.1",
      "resolved": "https://artifactory.sbtech.com:443/artifactory/api/npm/npm/react-is/-/react-is-16.13.1.tgz",
      "integrity": "sha1-eJcppNw23imZ3BVt1sHZwYzqVqQ="
    },
    "update-input-width": {
      "version": "1.2.1",
      "resolved": "https://artifactory.sbtech.com:443/artifactory/api/npm/npm/update-input-width/-/update-input-width-1.2.1.tgz",
      "integrity": "sha1-dp1hgkE1kMO1C1L/qcZdeeLBf5U="
    }
  }
}
